
Microsoft Visual Studio Solution File, Format Version 12.00
# Visual Studio Version 16
VisualStudioVersion = 16.0.31613.86
MinimumVisualStudioVersion = 10.0.40219.1
Project("{FAE04EC0-301F-11D3-BF4B-00C04F79EFBC}") = "Kata_RomanNumerals", "Kata_RomanNumerals\Kata_RomanNumerals.csproj", "{35114D47-841F-458B-A287-E23C7C561B58}"
EndProject
Global
	GlobalSection(SolutionConfigurationPlatforms) = preSolution
		Debug|Any CPU = Debug|Any CPU
		Release|Any CPU = Release|Any CPU
	EndGlobalSection
	GlobalSection(ProjectConfigurationPlatforms) = postSolution
		{35114D47-841F-458B-A287-E23C7C561B58}.Debug|Any CPU.ActiveCfg = Debug|Any CPU
		{35114D47-841F-458B-A287-E23C7C561B58}.Debug|Any CPU.Build.0 = Debug|Any CPU
		{35114D47-841F-458B-A287-E23C7C561B58}.Release|Any CPU.ActiveCfg = Release|Any CPU
		{35114D47-841F-458B-A287-E23C7C561B58}.Release|Any CPU.Build.0 = Release|Any CPU
	EndGlobalSection
	GlobalSection(SolutionProperties) = preSolution
		HideSolutionNode = FALSE
	EndGlobalSection
	GlobalSection(ExtensibilityGlobals) = postSolution
		SolutionGuid = {59C32722-7A08-44AC-A8E3-9DAA6BDA64D9}
	EndGlobalSection
EndGlobal
